{
  "requires": true,
  "lockfileVersion": 1,
  "dependencies": {
    "@mediapipe/hands": {
      "version": "0.3.1630010197",
      "resolved": "https://registry.npmjs.org/@mediapipe/hands/-/hands-0.3.1630010197.tgz",
      "integrity": "sha512-xSVWlV4zl3RXJod8+eO0o0QqLL83D94hcKSEm0lHVcQqufzBLo+Qaes20p0wj4c+UEHT7BNNNdUXk9L18r13/w=="
    }
  }
}
