# THIS IS AN AUTOGENERATED FILE. DO NOT EDIT THIS FILE DIRECTLY.
# yarn lockfile v1


"@mediapipe/camera_utils@^0.3.1620247984":
  version "0.3.1632432234"
  resolved "https://registry.yarnpkg.com/@mediapipe/camera_utils/-/camera_utils-0.3.1632432234.tgz#60d859ac347506e2729f431afb8995b0a8ca8589"
  integrity sha512-uGWOSd/1dNUka5/KkDs37pjYoHhFwUtQwQL/zhkQxZHAgYS8oCcz9vupa3pHthUzHDqzTw4XqB7teuoVRO+8/A==

"@mediapipe/control_utils@^0.6.1629159505":
  version "0.6.1629159505"
  resolved "https://registry.yarnpkg.com/@mediapipe/control_utils/-/control_utils-0.6.1629159505.tgz#5aec51a5819cf604184a6b6a3c0afc6643dc772f"
  integrity sha512-n8ZfgwZlv3EDiF2bsz81+74qWqbu5JSukxRRVuJqkqxO1CsfQGFj8XI2Cxj0UlsnO1vzNelZiWV1tP3of47z7g==

"@mediapipe/drawing_utils@^0.3.1620248257":
  version "0.3.1620248257"
  resolved "https://registry.yarnpkg.com/@mediapipe/drawing_utils/-/drawing_utils-0.3.1620248257.tgz#b39dfd235e7cf520e3e39d8b2bac2c5d717a7158"
  integrity sha512-s598oo1K6C62mX3rWXJ7n1RJFdXjyQn3f6CeI+lU6kD69MVyBcV3hdmO5LnEZlCw5NRDANtaM8WAOuqZHaldLg==

"@mediapipe/hands@^0.3.1630010197":
  version "0.3.1634603088"
  resolved "https://registry.yarnpkg.com/@mediapipe/hands/-/hands-0.3.1634603088.tgz#6f65d0b05cccbcc5d0985e3ac2073465dea2a122"
  integrity sha512-tL3qmM41gPMHe0jU3iM+u1oa2VPIUxSzRhDhedHQQaqdibFzbup3sPzsam3//7i2zkVnn39uCoWFMzQKdiGp4Q==
